
Microsoft Visual Studio Solution File, Format Version 12.00
# Visual Studio 2013
VisualStudioVersion = 12.0.21005.1
MinimumVisualStudioVersion = 10.0.40219.1
Project("{FAE04EC0-301F-11D3-BF4B-00C04F79EFBC}") = "RemoteAssist", "WindowsFormsApplication2\RemoteAssist.csproj", "{DF949A54-3E25-4C3C-A6AA-129F098C214C}"
EndProject
Global
	GlobalSection(SolutionConfigurationPlatforms) = preSolution
		Debug|Any CPU = Debug|Any CPU
		Release|Any CPU = Release|Any CPU
	EndGlobalSection
	GlobalSection(ProjectConfigurationPlatforms) = postSolution
		{DF949A54-3E25-4C3C-A6AA-129F098C214C}.Debug|Any CPU.ActiveCfg = Debug|Any CPU
		{DF949A54-3E25-4C3C-A6AA-129F098C214C}.Debug|Any CPU.Build.0 = Debug|Any CPU
		{DF949A54-3E25-4C3C-A6AA-129F098C214C}.Release|Any CPU.ActiveCfg = Release|Any CPU
		{DF949A54-3E25-4C3C-A6AA-129F098C214C}.Release|Any CPU.Build.0 = Release|Any CPU
	EndGlobalSection
	GlobalSection(SolutionProperties) = preSolution
		HideSolutionNode = FALSE
	EndGlobalSection
EndGlobal
